
Microsoft Visual Studio Solution File, Format Version 12.00
# Visual Studio Version 17
VisualStudioVersion = 17.9.34607.119
MinimumVisualStudioVersion = 10.0.40219.1
Project("{FAE04EC0-301F-11D3-BF4B-00C04F79EFBC}") = "TarefasApp.API", "TarefasApp.API\TarefasApp.API.csproj", "{0F9D866C-0620-4EFB-99AA-D6BAFA906428}"
EndProject
Project("{2150E333-8FDC-42A3-9474-1A3956D46DE8}") = "API", "API", "{A50A0E40-6E37-4DC3-93DA-C095BAFD1600}"
EndProject
Project("{2150E333-8FDC-42A3-9474-1A3956D46DE8}") = "DDD", "DDD", "{C4A1AC0C-08E9-4F27-B893-FC9F4CB44277}"
EndProject
Project("{2150E333-8FDC-42A3-9474-1A3956D46DE8}") = "TDD", "TDD", "{E06F94A8-171E-44BB-9A2C-1C9E1FF126EA}"
EndProject
Project("{2150E333-8FDC-42A3-9474-1A3956D46DE8}") = "Application", "Application", "{784848E8-5468-4F02-8E3C-8A9A1EA27DCE}"
EndProject
Project("{2150E333-8FDC-42A3-9474-1A3956D46DE8}") = "Domain", "Domain", "{A1F9D451-911A-4751-8979-F548C8ECD0C1}"
EndProject
Project("{2150E333-8FDC-42A3-9474-1A3956D46DE8}") = "Infrastructure", "Infrastructure", "{5CC1630A-E296-47E1-95A0-62CFE3F60A59}"
EndProject
Project("{FAE04EC0-301F-11D3-BF4B-00C04F79EFBC}") = "TarefasApp.Application", "TarefasApp.Application\TarefasApp.Application.csproj", "{6B94C1E0-26DF-418A-8CFA-74AF0A4B85FD}"
EndProject
Project("{FAE04EC0-301F-11D3-BF4B-00C04F79EFBC}") = "TarefasApp.Domain", "TarefasApp.Domain\TarefasApp.Domain.csproj", "{A3358C09-F249-4D27-87F6-4839FDEF0F86}"
EndProject
Project("{FAE04EC0-301F-11D3-BF4B-00C04F79EFBC}") = "TarefasApp.Infra.Data", "TarefasApp.Infra.Data\TarefasApp.Infra.Data.csproj", "{ADB4C695-9A08-4DED-92BC-9595C838E653}"
EndProject
Project("{FAE04EC0-301F-11D3-BF4B-00C04F79EFBC}") = "TarefasApp.IntegrationTests", "TarefasApp.IntegrationTests\TarefasApp.IntegrationTests.csproj", "{49BE424C-38FA-4C13-B090-138432A2859A}"
EndProject
Global
	GlobalSection(SolutionConfigurationPlatforms) = preSolution
		Debug|Any CPU = Debug|Any CPU
		Release|Any CPU = Release|Any CPU
	EndGlobalSection
	GlobalSection(ProjectConfigurationPlatforms) = postSolution
		{0F9D866C-0620-4EFB-99AA-D6BAFA906428}.Debug|Any CPU.ActiveCfg = Debug|Any CPU
		{0F9D866C-0620-4EFB-99AA-D6BAFA906428}.Debug|Any CPU.Build.0 = Debug|Any CPU
		{0F9D866C-0620-4EFB-99AA-D6BAFA906428}.Release|Any CPU.ActiveCfg = Release|Any CPU
		{0F9D866C-0620-4EFB-99AA-D6BAFA906428}.Release|Any CPU.Build.0 = Release|Any CPU
		{6B94C1E0-26DF-418A-8CFA-74AF0A4B85FD}.Debug|Any CPU.ActiveCfg = Debug|Any CPU
		{6B94C1E0-26DF-418A-8CFA-74AF0A4B85FD}.Debug|Any CPU.Build.0 = Debug|Any CPU
		{6B94C1E0-26DF-418A-8CFA-74AF0A4B85FD}.Release|Any CPU.ActiveCfg = Release|Any CPU
		{6B94C1E0-26DF-418A-8CFA-74AF0A4B85FD}.Release|Any CPU.Build.0 = Release|Any CPU
		{A3358C09-F249-4D27-87F6-4839FDEF0F86}.Debug|Any CPU.ActiveCfg = Debug|Any CPU
		{A3358C09-F249-4D27-87F6-4839FDEF0F86}.Debug|Any CPU.Build.0 = Debug|Any CPU
		{A3358C09-F249-4D27-87F6-4839FDEF0F86}.Release|Any CPU.ActiveCfg = Release|Any CPU
		{A3358C09-F249-4D27-87F6-4839FDEF0F86}.Release|Any CPU.Build.0 = Release|Any CPU
		{ADB4C695-9A08-4DED-92BC-9595C838E653}.Debug|Any CPU.ActiveCfg = Debug|Any CPU
		{ADB4C695-9A08-4DED-92BC-9595C838E653}.Debug|Any CPU.Build.0 = Debug|Any CPU
		{ADB4C695-9A08-4DED-92BC-9595C838E653}.Release|Any CPU.ActiveCfg = Release|Any CPU
		{ADB4C695-9A08-4DED-92BC-9595C838E653}.Release|Any CPU.Build.0 = Release|Any CPU
		{49BE424C-38FA-4C13-B090-138432A2859A}.Debug|Any CPU.ActiveCfg = Debug|Any CPU
		{49BE424C-38FA-4C13-B090-138432A2859A}.Debug|Any CPU.Build.0 = Debug|Any CPU
		{49BE424C-38FA-4C13-B090-138432A2859A}.Release|Any CPU.ActiveCfg = Release|Any CPU
		{49BE424C-38FA-4C13-B090-138432A2859A}.Release|Any CPU.Build.0 = Release|Any CPU
	EndGlobalSection
	GlobalSection(SolutionProperties) = preSolution
		HideSolutionNode = FALSE
	EndGlobalSection
	GlobalSection(NestedProjects) = preSolution
		{0F9D866C-0620-4EFB-99AA-D6BAFA906428} = {A50A0E40-6E37-4DC3-93DA-C095BAFD1600}
		{784848E8-5468-4F02-8E3C-8A9A1EA27DCE} = {C4A1AC0C-08E9-4F27-B893-FC9F4CB44277}
		{A1F9D451-911A-4751-8979-F548C8ECD0C1} = {C4A1AC0C-08E9-4F27-B893-FC9F4CB44277}
		{5CC1630A-E296-47E1-95A0-62CFE3F60A59} = {C4A1AC0C-08E9-4F27-B893-FC9F4CB44277}
		{6B94C1E0-26DF-418A-8CFA-74AF0A4B85FD} = {784848E8-5468-4F02-8E3C-8A9A1EA27DCE}
		{A3358C09-F249-4D27-87F6-4839FDEF0F86} = {A1F9D451-911A-4751-8979-F548C8ECD0C1}
		{ADB4C695-9A08-4DED-92BC-9595C838E653} = {5CC1630A-E296-47E1-95A0-62CFE3F60A59}
		{49BE424C-38FA-4C13-B090-138432A2859A} = {E06F94A8-171E-44BB-9A2C-1C9E1FF126EA}
	EndGlobalSection
	GlobalSection(ExtensibilityGlobals) = postSolution
		SolutionGuid = {C0B663AE-0A18-4378-AECD-1EEFABCCA0D7}
	EndGlobalSection
EndGlobal
